
Microsoft Visual Studio Solution File, Format Version 12.00
# Visual Studio Version 17
VisualStudioVersion = 17.0.31903.59
MinimumVisualStudioVersion = 10.0.40219.1
Project("{FAE04EC0-301F-11D3-BF4B-00C04F79EFBC}") = "WslPortProxyGuardian", "src\WslPortProxyGuardian.csproj", "{E3B017BE-FE0D-4D5D-8896-EB7884BCEC80}"
EndProject
Project("{FAE04EC0-301F-11D3-BF4B-00C04F79EFBC}") = "WslPortProxyGuardian.Tests", "tests\WslPortProxyGuardian.Tests.csproj", "{0A7F414A-4417-45FA-8E16-A663EE3EEAEF}"
EndProject
Global
	GlobalSection(SolutionConfigurationPlatforms) = preSolution
		Debug|Any CPU = Debug|Any CPU
		Release|Any CPU = Release|Any CPU
	EndGlobalSection
	GlobalSection(SolutionProperties) = preSolution
		HideSolutionNode = FALSE
	EndGlobalSection
	GlobalSection(ProjectConfigurationPlatforms) = postSolution
		{E3B017BE-FE0D-4D5D-8896-EB7884BCEC80}.Debug|Any CPU.ActiveCfg = Debug|Any CPU
		{E3B017BE-FE0D-4D5D-8896-EB7884BCEC80}.Debug|Any CPU.Build.0 = Debug|Any CPU
		{E3B017BE-FE0D-4D5D-8896-EB7884BCEC80}.Release|Any CPU.ActiveCfg = Release|Any CPU
		{E3B017BE-FE0D-4D5D-8896-EB7884BCEC80}.Release|Any CPU.Build.0 = Release|Any CPU
		{0A7F414A-4417-45FA-8E16-A663EE3EEAEF}.Debug|Any CPU.ActiveCfg = Debug|Any CPU
		{0A7F414A-4417-45FA-8E16-A663EE3EEAEF}.Debug|Any CPU.Build.0 = Debug|Any CPU
		{0A7F414A-4417-45FA-8E16-A663EE3EEAEF}.Release|Any CPU.ActiveCfg = Release|Any CPU
		{0A7F414A-4417-45FA-8E16-A663EE3EEAEF}.Release|Any CPU.Build.0 = Release|Any CPU
	EndGlobalSection
EndGlobal
